
Microsoft Visual Studio Solution File, Format Version 12.00
# Visual Studio 15
VisualStudioVersion = 15.0.27130.2010
MinimumVisualStudioVersion = 10.0.40219.1
Project("{FAE04EC0-301F-11D3-BF4B-00C04F79EFBC}") = "QA.Tools.Postgres", "src\QA.Tools.Postgres\QA.Tools.Postgres.csproj", "{924DFA4B-9162-4CEF-B2C4-FF98B0C5A63D}"
EndProject
Project("{FAE04EC0-301F-11D3-BF4B-00C04F79EFBC}") = "QA.Tools.Postgres.Tests", "src\QA.Tools.Postgres.Tests\QA.Tools.Postgres.Tests.csproj", "{DF04DFC7-7207-430D-A12B-0915C9BC02CA}"
EndProject
Global
	GlobalSection(SolutionConfigurationPlatforms) = preSolution
		Debug|Any CPU = Debug|Any CPU
		Release|Any CPU = Release|Any CPU
	EndGlobalSection
	GlobalSection(ProjectConfigurationPlatforms) = postSolution
		{924DFA4B-9162-4CEF-B2C4-FF98B0C5A63D}.Debug|Any CPU.ActiveCfg = Debug|Any CPU
		{924DFA4B-9162-4CEF-B2C4-FF98B0C5A63D}.Debug|Any CPU.Build.0 = Debug|Any CPU
		{924DFA4B-9162-4CEF-B2C4-FF98B0C5A63D}.Release|Any CPU.ActiveCfg = Release|Any CPU
		{924DFA4B-9162-4CEF-B2C4-FF98B0C5A63D}.Release|Any CPU.Build.0 = Release|Any CPU
		{DF04DFC7-7207-430D-A12B-0915C9BC02CA}.Debug|Any CPU.ActiveCfg = Debug|Any CPU
		{DF04DFC7-7207-430D-A12B-0915C9BC02CA}.Debug|Any CPU.Build.0 = Debug|Any CPU
		{DF04DFC7-7207-430D-A12B-0915C9BC02CA}.Release|Any CPU.ActiveCfg = Release|Any CPU
		{DF04DFC7-7207-430D-A12B-0915C9BC02CA}.Release|Any CPU.Build.0 = Release|Any CPU
	EndGlobalSection
	GlobalSection(SolutionProperties) = preSolution
		HideSolutionNode = FALSE
	EndGlobalSection
	GlobalSection(ExtensibilityGlobals) = postSolution
		SolutionGuid = {F3041F9A-6B48-46CD-9D44-9E0CCE56EB6C}
	EndGlobalSection
EndGlobal
